// !$*UTF8*$!
{
	archiveVersion = 1;
	classes = {
	};
	objectVersion = 46;
	objects = {

/* Begin PBXBuildFile section */
		30859E961C873267005759AC /* AppDelegate.m in Sources */ = {isa = PBXBuildFile; fileRef = 30859E901C873267005759AC /* AppDelegate.m */; };
		30859E971C873267005759AC /* Info.plist in Resources */ = {isa = PBXBuildFile; fileRef = 30859E931C873267005759AC /* Info.plist */; };
		30859E981C873267005759AC /* main.m in Sources */ = {isa = PBXBuildFile; fileRef = 30859E941C873267005759AC /* main.m */; };
		30859E9C1C87327B005759AC /* WebViewController.m in Sources */ = {isa = PBXBuildFile; fileRef = 30859E9A1C87327B005759AC /* WebViewController.m */; };
		30859E9D1C87327B005759AC /* WebViewController.xib in Resources */ = {isa = PBXBuildFile; fileRef = 30859E9B1C87327B005759AC /* WebViewController.xib */; };
		30859E9F1C873286005759AC /* MainWindow.xib in Resources */ = {isa = PBXBuildFile; fileRef = 30859E9E1C873286005759AC /* MainWindow.xib */; };
		30859EA31C8732F7005759AC /* Assets.xcassets in Resources */ = {isa = PBXBuildFile; fileRef = 30859EA21C8732F7005759AC /* Assets.xcassets */; };
		30859EA71C8744A3005759AC /* Session.m in Sources */ = {isa = PBXBuildFile; fileRef = 30859EA61C8744A3005759AC /* Session.m */; };
/* End PBXBuildFile section */

/* Begin PBXFileReference section */
		30859E741C87320A005759AC /* AlarmSpider.app */ = {isa = PBXFileReference; explicitFileType = wrapper.application; includeInIndex = 0; path = AlarmSpider.app; sourceTree = BUILT_PRODUCTS_DIR; };
		30859E8F1C873267005759AC /* AppDelegate.h */ = {isa = PBXFileReference; fileEncoding = 4; lastKnownFileType = sourcecode.c.h; path = AppDelegate.h; sourceTree = "<group>"; };
		30859E901C873267005759AC /* AppDelegate.m */ = {isa = PBXFileReference; fileEncoding = 4; lastKnownFileType = sourcecode.c.objc; path = AppDelegate.m; sourceTree = "<group>"; };
		30859E931C873267005759AC /* Info.plist */ = {isa = PBXFileReference; fileEncoding = 4; lastKnownFileType = text.plist.xml; path = Info.plist; sourceTree = "<group>"; };
		30859E941C873267005759AC /* main.m */ = {isa = PBXFileReference; fileEncoding = 4; lastKnownFileType = sourcecode.c.objc; path = main.m; sourceTree = "<group>"; };
		30859E991C87327B005759AC /* WebViewController.h */ = {isa = PBXFileReference; fileEncoding = 4; lastKnownFileType = sourcecode.c.h; path = WebViewController.h; sourceTree = "<group>"; };
		30859E9A1C87327B005759AC /* WebViewController.m */ = {isa = PBXFileReference; fileEncoding = 4; lastKnownFileType = sourcecode.c.objc; path = WebViewController.m; sourceTree = "<group>"; };
		30859E9B1C87327B005759AC /* WebViewController.xib */ = {isa = PBXFileReference; fileEncoding = 4; lastKnownFileType = file.xib; path = WebViewController.xib; sourceTree = "<group>"; };
		30859E9E1C873286005759AC /* MainWindow.xib */ = {isa = PBXFileReference; fileEncoding = 4; lastKnownFileType = file.xib; path = MainWindow.xib; sourceTree = "<group>"; };
		30859EA21C8732F7005759AC /* Assets.xcassets */ = {isa = PBXFileReference; lastKnownFileType = folder.assetcatalog; path = Assets.xcassets; sourceTree = "<group>"; };
		30859EA51C8744A3005759AC /* Session.h */ = {isa = PBXFileReference; fileEncoding = 4; lastKnownFileType = sourcecode.c.h; path = Session.h; sourceTree = "<group>"; };
		30859EA61C8744A3005759AC /* Session.m */ = {isa = PBXFileReference; fileEncoding = 4; lastKnownFileType = sourcecode.c.objc; path = Session.m; sourceTree = "<group>"; };
/* End PBXFileReference section */

/* Begin PBXFrameworksBuildPhase section */
		30859E711C87320A005759AC /* Frameworks */ = {
			isa = PBXFrameworksBuildPhase;
			buildActionMask = 2147483647;
			files = (
			);
			runOnlyForDeploymentPostprocessing = 0;
		};
/* End PBXFrameworksBuildPhase section */

/* Begin PBXGroup section */
		30859E6B1C87320A005759AC = {
			isa = PBXGroup;
			children = (
				30859E8E1C873267005759AC /* Classes */,
				30859E951C873267005759AC /* Resources */,
				30859E921C873267005759AC /* Other Sources */,
				30859E751C87320A005759AC /* Products */,
			);
			sourceTree = "<group>";
		};
		30859E751C87320A005759AC /* Products */ = {
			isa = PBXGroup;
			children = (
				30859E741C87320A005759AC /* AlarmSpider.app */,
			);
			name = Products;
			sourceTree = "<group>";
		};
		30859E8E1C873267005759AC /* Classes */ = {
			isa = PBXGroup;
			children = (
				30859E8F1C873267005759AC /* AppDelegate.h */,
				30859E901C873267005759AC /* AppDelegate.m */,
				30859E911C873267005759AC /* WebController */,
				30859EA41C874482005759AC /* Models */,
			);
			path = Classes;
			sourceTree = "<group>";
		};
		30859E911C873267005759AC /* WebController */ = {
			isa = PBXGroup;
			children = (
				30859E991C87327B005759AC /* WebViewController.h */,
				30859E9A1C87327B005759AC /* WebViewController.m */,
				30859E9B1C87327B005759AC /* WebViewController.xib */,
			);
			path = WebController;
			sourceTree = "<group>";
		};
		30859E921C873267005759AC /* Other Sources */ = {
			isa = PBXGroup;
			children = (
				30859E931C873267005759AC /* Info.plist */,
				30859E941C873267005759AC /* main.m */,
			);
			path = "Other Sources";
			sourceTree = "<group>";
		};
		30859E951C873267005759AC /* Resources */ = {
			isa = PBXGroup;
			children = (
				30859E9E1C873286005759AC /* MainWindow.xib */,
				30859EA21C8732F7005759AC /* Assets.xcassets */,
			);
			path = Resources;
			sourceTree = "<group>";
		};
		30859EA41C874482005759AC /* Models */ = {
			isa = PBXGroup;
			children = (
				30859EA51C8744A3005759AC /* Session.h */,
				30859EA61C8744A3005759AC /* Session.m */,
			);
			path = Models;
			sourceTree = "<group>";
		};
/* End PBXGroup section */

/* Begin PBXNativeTarget section */
		30859E731C87320A005759AC /* AlarmSpider */ = {
			isa = PBXNativeTarget;
			buildConfigurationList = 30859E8B1C87320A005759AC /* Build configuration list for PBXNativeTarget "AlarmSpider" */;
			buildPhases = (
				30859E701C87320A005759AC /* Sources */,
				30859E711C87320A005759AC /* Frameworks */,
				30859E721C87320A005759AC /* Resources */,
			);
			buildRules = (
			);
			dependencies = (
			);
			name = AlarmSpider;
			productName = AlarmSpider;
			productReference = 30859E741C87320A005759AC /* AlarmSpider.app */;
			productType = "com.apple.product-type.application";
		};
/* End PBXNativeTarget section */

/* Begin PBXProject section */
		30859E6C1C87320A005759AC /* Project object */ = {
			isa = PBXProject;
			attributes = {
				LastUpgradeCheck = 0720;
				ORGANIZATIONNAME = danny;
				TargetAttributes = {
					30859E731C87320A005759AC = {
						CreatedOnToolsVersion = 7.2.1;
					};
				};
			};
			buildConfigurationList = 30859E6F1C87320A005759AC /* Build configuration list for PBXProject "AlarmSpider" */;
			compatibilityVersion = "Xcode 3.2";
			developmentRegion = English;
			hasScannedForEncodings = 0;
			knownRegions = (
				en,
				Base,
			);
			mainGroup = 30859E6B1C87320A005759AC;
			productRefGroup = 30859E751C87320A005759AC /* Products */;
			projectDirPath = "";
			projectRoot = "";
			targets = (
				30859E731C87320A005759AC /* AlarmSpider */,
			);
		};
/* End PBXProject section */

/* Begin PBXResourcesBuildPhase section */
		30859E721C87320A005759AC /* Resources */ = {
			isa = PBXResourcesBuildPhase;
			buildActionMask = 2147483647;
			files = (
				30859E971C873267005759AC /* Info.plist in Resources */,
				30859E9D1C87327B005759AC /* WebViewController.xib in Resources */,
				30859EA31C8732F7005759AC /* Assets.xcassets in Resources */,
				30859E9F1C873286005759AC /* MainWindow.xib in Resources */,
			);
			runOnlyForDeploymentPostprocessing = 0;
		};
/* End PBXResourcesBuildPhase section */

/* Begin PBXSourcesBuildPhase section */
		30859E701C87320A005759AC /* Sources */ = {
			isa = PBXSourcesBuildPhase;
			buildActionMask = 2147483647;
			files = (
				30859EA71C8744A3005759AC /* Session.m in Sources */,
				30859E981C873267005759AC /* main.m in Sources */,
				30859E9C1C87327B005759AC /* WebViewController.m in Sources */,
				30859E961C873267005759AC /* AppDelegate.m in Sources */,
			);
			runOnlyForDeploymentPostprocessing = 0;
		};
/* End PBXSourcesBuildPhase section */

/* Begin XCBuildConfiguration section */
		30859E891C87320A005759AC /* Debug */ = {
			isa = XCBuildConfiguration;
			buildSettings = {
				ALWAYS_SEARCH_USER_PATHS = NO;
				CLANG_CXX_LANGUAGE_STANDARD = "gnu++0x";
				CLANG_CXX_LIBRARY = "libc++";
				CLANG_ENABLE_MODULES = YES;
				CLANG_ENABLE_OBJC_ARC = YES;
				CLANG_WARN_BOOL_CONVERSION = YES;
				CLANG_WARN_CONSTANT_CONVERSION = YES;
				CLANG_WARN_DIRECT_OBJC_ISA_USAGE = YES_ERROR;
				CLANG_WARN_EMPTY_BODY = YES;
				CLANG_WARN_ENUM_CONVERSION = YES;
				CLANG_WARN_INT_CONVERSION = YES;
				CLANG_WARN_OBJC_ROOT_CLASS = YES_ERROR;
				CLANG_WARN_UNREACHABLE_CODE = YES;
				CLANG_WARN__DUPLICATE_METHOD_MATCH = YES;
				"CODE_SIGN_IDENTITY[sdk=iphoneos*]" = "iPhone Developer";
				COPY_PHASE_STRIP = NO;
				DEBUG_INFORMATION_FORMAT = dwarf;
				ENABLE_STRICT_OBJC_MSGSEND = YES;
				ENABLE_TESTABILITY = YES;
				GCC_C_LANGUAGE_STANDARD = gnu99;
				GCC_DYNAMIC_NO_PIC = NO;
				GCC_NO_COMMON_BLOCKS = YES;
				GCC_OPTIMIZATION_LEVEL = 0;
				GCC_PREPROCESSOR_DEFINITIONS = (
					"DEBUG=1",
					"$(inherited)",
				);
				GCC_WARN_64_TO_32_BIT_CONVERSION = YES;
				GCC_WARN_ABOUT_RETURN_TYPE = YES_ERROR;
				GCC_WARN_UNDECLARED_SELECTOR = YES;
				GCC_WARN_UNINITIALIZED_AUTOS = YES_AGGRESSIVE;
				GCC_WARN_UNUSED_FUNCTION = YES;
				GCC_WARN_UNUSED_VARIABLE = YES;
				IPHONEOS_DEPLOYMENT_TARGET = 9.2;
				MTL_ENABLE_DEBUG_INFO = YES;
				ONLY_ACTIVE_ARCH = YES;
				SDKROOT = iphoneos;
			};
			name = Debug;
		};
		30859E8A1C87320A005759AC /* Release */ = {
			isa = XCBuildConfiguration;
			buildSettings = {
				ALWAYS_SEARCH_USER_PATHS = NO;
				CLANG_CXX_LANGUAGE_STANDARD = "gnu++0x";
				CLANG_CXX_LIBRARY = "libc++";
				CLANG_ENABLE_MODULES = YES;
				CLANG_ENABLE_OBJC_ARC = YES;
				CLANG_WARN_BOOL_CONVERSION = YES;
				CLANG_WARN_CONSTANT_CONVERSION = YES;
				CLANG_WARN_DIRECT_OBJC_ISA_USAGE = YES_ERROR;
				CLANG_WARN_EMPTY_BODY = YES;
				CLANG_WARN_ENUM_CONVERSION = YES;
				CLANG_WARN_INT_CONVERSION = YES;
				CLANG_WARN_OBJC_ROOT_CLASS = YES_ERROR;
				CLANG_WARN_UNREACHABLE_CODE = YES;
				CLANG_WARN__DUPLICATE_METHOD_MATCH = YES;
				"CODE_SIGN_IDENTITY[sdk=iphoneos*]" = "iPhone Developer";
				COPY_PHASE_STRIP = NO;
				DEBUG_INFORMATION_FORMAT = "dwarf-with-dsym";
				ENABLE_NS_ASSERTIONS = NO;
				ENABLE_STRICT_OBJC_MSGSEND = YES;
				GCC_C_LANGUAGE_STANDARD = gnu99;
				GCC_NO_COMMON_BLOCKS = YES;
				GCC_WARN_64_TO_32_BIT_CONVERSION = YES;
				GCC_WARN_ABOUT_RETURN_TYPE = YES_ERROR;
				GCC_WARN_UNDECLARED_SELECTOR = YES;
				GCC_WARN_UNINITIALIZED_AUTOS = YES_AGGRESSIVE;
				GCC_WARN_UNUSED_FUNCTION = YES;
				GCC_WARN_UNUSED_VARIABLE = YES;
				IPHONEOS_DEPLOYMENT_TARGET = 9.2;
				MTL_ENABLE_DEBUG_INFO = NO;
				SDKROOT = iphoneos;
				VALIDATE_PRODUCT = YES;
			};
			name = Release;
		};
		30859E8C1C87320A005759AC /* Debug */ = {
			isa = XCBuildConfiguration;
			buildSettings = {
				ASSETCATALOG_COMPILER_APPICON_NAME = AppIcon;
				INFOPLIST_FILE = "$(SRCROOT)/Other Sources/Info.plist";
				LD_RUNPATH_SEARCH_PATHS = "$(inherited) @executable_path/Frameworks";
				PRODUCT_BUNDLE_IDENTIFIER = com.danny.alarmspider.AlarmSpider;
				PRODUCT_NAME = "$(TARGET_NAME)";
			};
			name = Debug;
		};
		30859E8D1C87320A005759AC /* Release */ = {
			isa = XCBuildConfiguration;
			buildSettings = {
				ASSETCATALOG_COMPILER_APPICON_NAME = AppIcon;
				INFOPLIST_FILE = "$(SRCROOT)/Other Sources/Info.plist";
				LD_RUNPATH_SEARCH_PATHS = "$(inherited) @executable_path/Frameworks";
				PRODUCT_BUNDLE_IDENTIFIER = com.danny.alarmspider.AlarmSpider;
				PRODUCT_NAME = "$(TARGET_NAME)";
			};
			name = Release;
		};
/* End XCBuildConfiguration section */

/* Begin XCConfigurationList section */
		30859E6F1C87320A005759AC /* Build configuration list for PBXProject "AlarmSpider" */ = {
			isa = XCConfigurationList;
			buildConfigurations = (
				30859E891C87320A005759AC /* Debug */,
				30859E8A1C87320A005759AC /* Release */,
			);
			defaultConfigurationIsVisible = 0;
			defaultConfigurationName = Release;
		};
		30859E8B1C87320A005759AC /* Build configuration list for PBXNativeTarget "AlarmSpider" */ = {
			isa = XCConfigurationList;
			buildConfigurations = (
				30859E8C1C87320A005759AC /* Debug */,
				30859E8D1C87320A005759AC /* Release */,
			);
			defaultConfigurationIsVisible = 0;
			defaultConfigurationName = Release;
		};
/* End XCConfigurationList section */
	};
	rootObject = 30859E6C1C87320A005759AC /* Project object */;
}
